
Microsoft Visual Studio Solution File, Format Version 12.00
# Visual Studio Version 17
VisualStudioVersion = 17.14.36212.18
MinimumVisualStudioVersion = 10.0.40219.1
Project("{FAE04EC0-301F-11D3-BF4B-00C04F79EFBC}") = "TestProject", "TestProject\TestProject.csproj", "{CE7B34A7-54E1-4584-A83A-9D3A0B795994}"
EndProject
Project("{FAE04EC0-301F-11D3-BF4B-00C04F79EFBC}") = "TestProject.Tests.New", "TestProject.Tests.New\TestProject.Tests.New.csproj", "{9D543115-D715-44BC-BFBF-ACAF129FBD5A}"
EndProject
Global
	GlobalSection(SolutionConfigurationPlatforms) = preSolution
		Debug|Any CPU = Debug|Any CPU
		Release|Any CPU = Release|Any CPU
	EndGlobalSection
	GlobalSection(ProjectConfigurationPlatforms) = postSolution
		{CE7B34A7-54E1-4584-A83A-9D3A0B795994}.Debug|Any CPU.ActiveCfg = Debug|Any CPU
		{CE7B34A7-54E1-4584-A83A-9D3A0B795994}.Debug|Any CPU.Build.0 = Debug|Any CPU
		{CE7B34A7-54E1-4584-A83A-9D3A0B795994}.Release|Any CPU.ActiveCfg = Release|Any CPU
		{CE7B34A7-54E1-4584-A83A-9D3A0B795994}.Release|Any CPU.Build.0 = Release|Any CPU
		{9D543115-D715-44BC-BFBF-ACAF129FBD5A}.Debug|Any CPU.ActiveCfg = Debug|Any CPU
		{9D543115-D715-44BC-BFBF-ACAF129FBD5A}.Debug|Any CPU.Build.0 = Debug|Any CPU
		{9D543115-D715-44BC-BFBF-ACAF129FBD5A}.Release|Any CPU.ActiveCfg = Release|Any CPU
		{9D543115-D715-44BC-BFBF-ACAF129FBD5A}.Release|Any CPU.Build.0 = Release|Any CPU
	EndGlobalSection
	GlobalSection(SolutionProperties) = preSolution
		HideSolutionNode = FALSE
	EndGlobalSection
	GlobalSection(ExtensibilityGlobals) = postSolution
		SolutionGuid = {4CFC6EC0-E01A-4B53-B426-F934578E1C0B}
	EndGlobalSection
EndGlobal
